// !$*UTF8*$!
{
	archiveVersion = 1;
	classes = {
	};
	objectVersion = 48;
	objects = {

/* Begin PBXBuildFile section */
		AD16C6B59D8197C6CAFAC618 /* libPods-AddClockViewDemo.a in Frameworks */ = {isa = PBXBuildFile; fileRef = 13D8C337FB8A01F2D2A74326 /* libPods-AddClockViewDemo.a */; };
		EE96D4B121CCB845005197BA /* AppDelegate.m in Sources */ = {isa = PBXBuildFile; fileRef = EE96D4B021CCB845005197BA /* AppDelegate.m */; };
		EE96D4B421CCB845005197BA /* ViewController.m in Sources */ = {isa = PBXBuildFile; fileRef = EE96D4B321CCB845005197BA /* ViewController.m */; };
		EE96D4B721CCB845005197BA /* Main.storyboard in Resources */ = {isa = PBXBuildFile; fileRef = EE96D4B521CCB845005197BA /* Main.storyboard */; };
		EE96D4B921CCB846005197BA /* Assets.xcassets in Resources */ = {isa = PBXBuildFile; fileRef = EE96D4B821CCB846005197BA /* Assets.xcassets */; };
		EE96D4BC21CCB846005197BA /* LaunchScreen.storyboard in Resources */ = {isa = PBXBuildFile; fileRef = EE96D4BA21CCB846005197BA /* LaunchScreen.storyboard */; };
		EE96D4BF21CCB846005197BA /* main.m in Sources */ = {isa = PBXBuildFile; fileRef = EE96D4BE21CCB846005197BA /* main.m */; };
		EE96D4C921CCB84F005197BA /* AddClockViewDemoTests.m in Sources */ = {isa = PBXBuildFile; fileRef = EE96D4C821CCB84F005197BA /* AddClockViewDemoTests.m */; };
		EE96D4D421CCB84F005197BA /* AddClockViewDemoUITests.m in Sources */ = {isa = PBXBuildFile; fileRef = EE96D4D321CCB84F005197BA /* AddClockViewDemoUITests.m */; };
		EE96D4E321CCBE03005197BA /* AddClockViewController.m in Sources */ = {isa = PBXBuildFile; fileRef = EE96D4E221CCBE03005197BA /* AddClockViewController.m */; };
		EE96D4E821CCC889005197BA /* UNNotificationsManager.m in Sources */ = {isa = PBXBuildFile; fileRef = EE96D4E721CCC889005197BA /* UNNotificationsManager.m */; };
		EE96D50221CCC8B5005197BA /* Aspects.m in Sources */ = {isa = PBXBuildFile; fileRef = EE96D4EB21CCC8B5005197BA /* Aspects.m */; };
		EE96D50321CCC8B5005197BA /* UIControl+ORIBProperty.m in Sources */ = {isa = PBXBuildFile; fileRef = EE96D4ED21CCC8B5005197BA /* UIControl+ORIBProperty.m */; };
		EE96D50421CCC8B5005197BA /* UICollectionViewFlowLayout+ORIBProperty.m in Sources */ = {isa = PBXBuildFile; fileRef = EE96D4EF21CCC8B5005197BA /* UICollectionViewFlowLayout+ORIBProperty.m */; };
		EE96D50521CCC8B5005197BA /* UILabel+ORIBProperty.m in Sources */ = {isa = PBXBuildFile; fileRef = EE96D4F721CCC8B5005197BA /* UILabel+ORIBProperty.m */; };
		EE96D50621CCC8B5005197BA /* UITextField+ORIBProperty.m in Sources */ = {isa = PBXBuildFile; fileRef = EE96D4FA21CCC8B5005197BA /* UITextField+ORIBProperty.m */; };
		EE96D50721CCC8B5005197BA /* UIView+ORIBProperty.m in Sources */ = {isa = PBXBuildFile; fileRef = EE96D4FC21CCC8B5005197BA /* UIView+ORIBProperty.m */; };
		EE96D50821CCC8B5005197BA /* UIImageView+ORIBProperty.m in Sources */ = {isa = PBXBuildFile; fileRef = EE96D4FD21CCC8B5005197BA /* UIImageView+ORIBProperty.m */; };
		EE96D50921CCC8B5005197BA /* NSLayoutConstraint+ORIBProperty.m in Sources */ = {isa = PBXBuildFile; fileRef = EE96D4FE21CCC8B5005197BA /* NSLayoutConstraint+ORIBProperty.m */; };
		EE96D50A21CCC8B5005197BA /* UIButton+ORIBProperty.m in Sources */ = {isa = PBXBuildFile; fileRef = EE96D4FF21CCC8B5005197BA /* UIButton+ORIBProperty.m */; };
		EE96D50B21CCC8B5005197BA /* NSObject+ORIBProperty.m in Sources */ = {isa = PBXBuildFile; fileRef = EE96D50021CCC8B5005197BA /* NSObject+ORIBProperty.m */; };
		EE96D50C21CCC8B5005197BA /* UITextView+ORIBProperty.m in Sources */ = {isa = PBXBuildFile; fileRef = EE96D50121CCC8B5005197BA /* UITextView+ORIBProperty.m */; };
		EE96D50F21CCCA2C005197BA /* BaseTableViewController.m in Sources */ = {isa = PBXBuildFile; fileRef = EE96D50D21CCCA2B005197BA /* BaseTableViewController.m */; };
		EE96D51221CCCB1B005197BA /* ClockViewModel.m in Sources */ = {isa = PBXBuildFile; fileRef = EE96D51021CCCB1B005197BA /* ClockViewModel.m */; };
		EE96D51521CCCD47005197BA /* RepeatViewController.m in Sources */ = {isa = PBXBuildFile; fileRef = EE96D51421CCCD47005197BA /* RepeatViewController.m */; };
		EE96D51821CCDCBC005197BA /* WeekDayCollectionViewCell.m in Sources */ = {isa = PBXBuildFile; fileRef = EE96D51721CCDCBC005197BA /* WeekDayCollectionViewCell.m */; };
		EE96D51B21CCDE86005197BA /* Monday_Model.m in Sources */ = {isa = PBXBuildFile; fileRef = EE96D51A21CCDE86005197BA /* Monday_Model.m */; };
/* End PBXBuildFile section */

/* Begin PBXContainerItemProxy section */
		EE96D4C521CCB84E005197BA /* PBXContainerItemProxy */ = {
			isa = PBXContainerItemProxy;
			containerPortal = EE96D4A421CCB843005197BA /* Project object */;
			proxyType = 1;
			remoteGlobalIDString = EE96D4AB21CCB844005197BA;
			remoteInfo = AddClockViewDemo;
		};
		EE96D4D021CCB84F005197BA /* PBXContainerItemProxy */ = {
			isa = PBXContainerItemProxy;
			containerPortal = EE96D4A421CCB843005197BA /* Project object */;
			proxyType = 1;
			remoteGlobalIDString = EE96D4AB21CCB844005197BA;
			remoteInfo = AddClockViewDemo;
		};
/* End PBXContainerItemProxy section */

/* Begin PBXFileReference section */
		13D8C337FB8A01F2D2A74326 /* libPods-AddClockViewDemo.a */ = {isa = PBXFileReference; explicitFileType = archive.ar; includeInIndex = 0; path = "libPods-AddClockViewDemo.a"; sourceTree = BUILT_PRODUCTS_DIR; };
		D03794FA910C64BE8E13262D /* Pods-AddClockViewDemo.debug.xcconfig */ = {isa = PBXFileReference; includeInIndex = 1; lastKnownFileType = text.xcconfig; name = "Pods-AddClockViewDemo.debug.xcconfig"; path = "Pods/Target Support Files/Pods-AddClockViewDemo/Pods-AddClockViewDemo.debug.xcconfig"; sourceTree = "<group>"; };
		E11E12BFE4401EC4B6D497BA /* Pods-AddClockViewDemo.release.xcconfig */ = {isa = PBXFileReference; includeInIndex = 1; lastKnownFileType = text.xcconfig; name = "Pods-AddClockViewDemo.release.xcconfig"; path = "Pods/Target Support Files/Pods-AddClockViewDemo/Pods-AddClockViewDemo.release.xcconfig"; sourceTree = "<group>"; };
		EE96D4AC21CCB844005197BA /* AddClockViewDemo.app */ = {isa = PBXFileReference; explicitFileType = wrapper.application; includeInIndex = 0; path = AddClockViewDemo.app; sourceTree = BUILT_PRODUCTS_DIR; };
		EE96D4AF21CCB845005197BA /* AppDelegate.h */ = {isa = PBXFileReference; lastKnownFileType = sourcecode.c.h; path = AppDelegate.h; sourceTree = "<group>"; };
		EE96D4B021CCB845005197BA /* AppDelegate.m */ = {isa = PBXFileReference; lastKnownFileType = sourcecode.c.objc; path = AppDelegate.m; sourceTree = "<group>"; };
		EE96D4B221CCB845005197BA /* ViewController.h */ = {isa = PBXFileReference; lastKnownFileType = sourcecode.c.h; path = ViewController.h; sourceTree = "<group>"; };
		EE96D4B321CCB845005197BA /* ViewController.m */ = {isa = PBXFileReference; lastKnownFileType = sourcecode.c.objc; path = ViewController.m; sourceTree = "<group>"; };
		EE96D4B621CCB845005197BA /* Base */ = {isa = PBXFileReference; lastKnownFileType = file.storyboard; name = Base; path = Base.lproj/Main.storyboard; sourceTree = "<group>"; };
		EE96D4B821CCB846005197BA /* Assets.xcassets */ = {isa = PBXFileReference; lastKnownFileType = folder.assetcatalog; path = Assets.xcassets; sourceTree = "<group>"; };
		EE96D4BB21CCB846005197BA /* Base */ = {isa = PBXFileReference; lastKnownFileType = file.storyboard; name = Base; path = Base.lproj/LaunchScreen.storyboard; sourceTree = "<group>"; };
		EE96D4BD21CCB846005197BA /* Info.plist */ = {isa = PBXFileReference; lastKnownFileType = text.plist.xml; path = Info.plist; sourceTree = "<group>"; };
		EE96D4BE21CCB846005197BA /* main.m */ = {isa = PBXFileReference; lastKnownFileType = sourcecode.c.objc; path = main.m; sourceTree = "<group>"; };
		EE96D4C421CCB84E005197BA /* AddClockViewDemoTests.xctest */ = {isa = PBXFileReference; explicitFileType = wrapper.cfbundle; includeInIndex = 0; path = AddClockViewDemoTests.xctest; sourceTree = BUILT_PRODUCTS_DIR; };
		EE96D4C821CCB84F005197BA /* AddClockViewDemoTests.m */ = {isa = PBXFileReference; lastKnownFileType = sourcecode.c.objc; path = AddClockViewDemoTests.m; sourceTree = "<group>"; };
		EE96D4CA21CCB84F005197BA /* Info.plist */ = {isa = PBXFileReference; lastKnownFileType = text.plist.xml; path = Info.plist; sourceTree = "<group>"; };
		EE96D4CF21CCB84F005197BA /* AddClockViewDemoUITests.xctest */ = {isa = PBXFileReference; explicitFileType = wrapper.cfbundle; includeInIndex = 0; path = AddClockViewDemoUITests.xctest; sourceTree = BUILT_PRODUCTS_DIR; };
		EE96D4D321CCB84F005197BA /* AddClockViewDemoUITests.m */ = {isa = PBXFileReference; lastKnownFileType = sourcecode.c.objc; path = AddClockViewDemoUITests.m; sourceTree = "<group>"; };
		EE96D4D521CCB850005197BA /* Info.plist */ = {isa = PBXFileReference; lastKnownFileType = text.plist.xml; path = Info.plist; sourceTree = "<group>"; };
		EE96D4E121CCBE03005197BA /* AddClockViewController.h */ = {isa = PBXFileReference; lastKnownFileType = sourcecode.c.h; path = AddClockViewController.h; sourceTree = "<group>"; };
		EE96D4E221CCBE03005197BA /* AddClockViewController.m */ = {isa = PBXFileReference; lastKnownFileType = sourcecode.c.objc; path = AddClockViewController.m; sourceTree = "<group>"; };
		EE96D4E621CCC889005197BA /* UNNotificationsManager.h */ = {isa = PBXFileReference; fileEncoding = 4; lastKnownFileType = sourcecode.c.h; path = UNNotificationsManager.h; sourceTree = "<group>"; };
		EE96D4E721CCC889005197BA /* UNNotificationsManager.m */ = {isa = PBXFileReference; fileEncoding = 4; lastKnownFileType = sourcecode.c.objc; path = UNNotificationsManager.m; sourceTree = "<group>"; };
		EE96D4EA21CCC8B5005197BA /* Aspects.h */ = {isa = PBXFileReference; fileEncoding = 4; lastKnownFileType = sourcecode.c.h; path = Aspects.h; sourceTree = "<group>"; };
		EE96D4EB21CCC8B5005197BA /* Aspects.m */ = {isa = PBXFileReference; fileEncoding = 4; lastKnownFileType = sourcecode.c.objc; path = Aspects.m; sourceTree = "<group>"; };
		EE96D4ED21CCC8B5005197BA /* UIControl+ORIBProperty.m */ = {isa = PBXFileReference; fileEncoding = 4; lastKnownFileType = sourcecode.c.objc; path = "UIControl+ORIBProperty.m"; sourceTree = "<group>"; };
		EE96D4EE21CCC8B5005197BA /* UITextField+ORIBProperty.h */ = {isa = PBXFileReference; fileEncoding = 4; lastKnownFileType = sourcecode.c.h; path = "UITextField+ORIBProperty.h"; sourceTree = "<group>"; };
		EE96D4EF21CCC8B5005197BA /* UICollectionViewFlowLayout+ORIBProperty.m */ = {isa = PBXFileReference; fileEncoding = 4; lastKnownFileType = sourcecode.c.objc; path = "UICollectionViewFlowLayout+ORIBProperty.m"; sourceTree = "<group>"; };
		EE96D4F021CCC8B5005197BA /* UILabel+ORIBProperty.h */ = {isa = PBXFileReference; fileEncoding = 4; lastKnownFileType = sourcecode.c.h; path = "UILabel+ORIBProperty.h"; sourceTree = "<group>"; };
		EE96D4F121CCC8B5005197BA /* UIView+ORIBProperty.h */ = {isa = PBXFileReference; fileEncoding = 4; lastKnownFileType = sourcecode.c.h; path = "UIView+ORIBProperty.h"; sourceTree = "<group>"; };
		EE96D4F221CCC8B5005197BA /* UIButton+ORIBProperty.h */ = {isa = PBXFileReference; fileEncoding = 4; lastKnownFileType = sourcecode.c.h; path = "UIButton+ORIBProperty.h"; sourceTree = "<group>"; };
		EE96D4F321CCC8B5005197BA /* NSLayoutConstraint+ORIBProperty.h */ = {isa = PBXFileReference; fileEncoding = 4; lastKnownFileType = sourcecode.c.h; path = "NSLayoutConstraint+ORIBProperty.h"; sourceTree = "<group>"; };
		EE96D4F421CCC8B5005197BA /* UIImageView+ORIBProperty.h */ = {isa = PBXFileReference; fileEncoding = 4; lastKnownFileType = sourcecode.c.h; path = "UIImageView+ORIBProperty.h"; sourceTree = "<group>"; };
		EE96D4F521CCC8B5005197BA /* UITextView+ORIBProperty.h */ = {isa = PBXFileReference; fileEncoding = 4; lastKnownFileType = sourcecode.c.h; path = "UITextView+ORIBProperty.h"; sourceTree = "<group>"; };
		EE96D4F621CCC8B5005197BA /* NSObject+ORIBProperty.h */ = {isa = PBXFileReference; fileEncoding = 4; lastKnownFileType = sourcecode.c.h; path = "NSObject+ORIBProperty.h"; sourceTree = "<group>"; };
		EE96D4F721CCC8B5005197BA /* UILabel+ORIBProperty.m */ = {isa = PBXFileReference; fileEncoding = 4; lastKnownFileType = sourcecode.c.objc; path = "UILabel+ORIBProperty.m"; sourceTree = "<group>"; };
		EE96D4F821CCC8B5005197BA /* UICollectionViewFlowLayout+ORIBProperty.h */ = {isa = PBXFileReference; fileEncoding = 4; lastKnownFileType = sourcecode.c.h; path = "UICollectionViewFlowLayout+ORIBProperty.h"; sourceTree = "<group>"; };
		EE96D4F921CCC8B5005197BA /* ORIBProperty.h */ = {isa = PBXFileReference; fileEncoding = 4; lastKnownFileType = sourcecode.c.h; path = ORIBProperty.h; sourceTree = "<group>"; };
		EE96D4FA21CCC8B5005197BA /* UITextField+ORIBProperty.m */ = {isa = PBXFileReference; fileEncoding = 4; lastKnownFileType = sourcecode.c.objc; path = "UITextField+ORIBProperty.m"; sourceTree = "<group>"; };
		EE96D4FB21CCC8B5005197BA /* UIControl+ORIBProperty.h */ = {isa = PBXFileReference; fileEncoding = 4; lastKnownFileType = sourcecode.c.h; path = "UIControl+ORIBProperty.h"; sourceTree = "<group>"; };
		EE96D4FC21CCC8B5005197BA /* UIView+ORIBProperty.m */ = {isa = PBXFileReference; fileEncoding = 4; lastKnownFileType = sourcecode.c.objc; path = "UIView+ORIBProperty.m"; sourceTree = "<group>"; };
		EE96D4FD21CCC8B5005197BA /* UIImageView+ORIBProperty.m */ = {isa = PBXFileReference; fileEncoding = 4; lastKnownFileType = sourcecode.c.objc; path = "UIImageView+ORIBProperty.m"; sourceTree = "<group>"; };
		EE96D4FE21CCC8B5005197BA /* NSLayoutConstraint+ORIBProperty.m */ = {isa = PBXFileReference; fileEncoding = 4; lastKnownFileType = sourcecode.c.objc; path = "NSLayoutConstraint+ORIBProperty.m"; sourceTree = "<group>"; };
		EE96D4FF21CCC8B5005197BA /* UIButton+ORIBProperty.m */ = {isa = PBXFileReference; fileEncoding = 4; lastKnownFileType = sourcecode.c.objc; path = "UIButton+ORIBProperty.m"; sourceTree = "<group>"; };
		EE96D50021CCC8B5005197BA /* NSObject+ORIBProperty.m */ = {isa = PBXFileReference; fileEncoding = 4; lastKnownFileType = sourcecode.c.objc; path = "NSObject+ORIBProperty.m"; sourceTree = "<group>"; };
		EE96D50121CCC8B5005197BA /* UITextView+ORIBProperty.m */ = {isa = PBXFileReference; fileEncoding = 4; lastKnownFileType = sourcecode.c.objc; path = "UITextView+ORIBProperty.m"; sourceTree = "<group>"; };
		EE96D50D21CCCA2B005197BA /* BaseTableViewController.m */ = {isa = PBXFileReference; fileEncoding = 4; lastKnownFileType = sourcecode.c.objc; path = BaseTableViewController.m; sourceTree = "<group>"; };
		EE96D50E21CCCA2C005197BA /* BaseTableViewController.h */ = {isa = PBXFileReference; fileEncoding = 4; lastKnownFileType = sourcecode.c.h; path = BaseTableViewController.h; sourceTree = "<group>"; };
		EE96D51021CCCB1B005197BA /* ClockViewModel.m */ = {isa = PBXFileReference; fileEncoding = 4; lastKnownFileType = sourcecode.c.objc; path = ClockViewModel.m; sourceTree = "<group>"; };
		EE96D51121CCCB1B005197BA /* ClockViewModel.h */ = {isa = PBXFileReference; fileEncoding = 4; lastKnownFileType = sourcecode.c.h; path = ClockViewModel.h; sourceTree = "<group>"; };
		EE96D51321CCCD47005197BA /* RepeatViewController.h */ = {isa = PBXFileReference; lastKnownFileType = sourcecode.c.h; path = RepeatViewController.h; sourceTree = "<group>"; };
		EE96D51421CCCD47005197BA /* RepeatViewController.m */ = {isa = PBXFileReference; lastKnownFileType = sourcecode.c.objc; path = RepeatViewController.m; sourceTree = "<group>"; };
		EE96D51621CCDCBC005197BA /* WeekDayCollectionViewCell.h */ = {isa = PBXFileReference; lastKnownFileType = sourcecode.c.h; path = WeekDayCollectionViewCell.h; sourceTree = "<group>"; };
		EE96D51721CCDCBC005197BA /* WeekDayCollectionViewCell.m */ = {isa = PBXFileReference; lastKnownFileType = sourcecode.c.objc; path = WeekDayCollectionViewCell.m; sourceTree = "<group>"; };
		EE96D51921CCDE86005197BA /* Monday_Model.h */ = {isa = PBXFileReference; lastKnownFileType = sourcecode.c.h; path = Monday_Model.h; sourceTree = "<group>"; };
		EE96D51A21CCDE86005197BA /* Monday_Model.m */ = {isa = PBXFileReference; lastKnownFileType = sourcecode.c.objc; path = Monday_Model.m; sourceTree = "<group>"; };
/* End PBXFileReference section */

/* Begin PBXFrameworksBuildPhase section */
		EE96D4A921CCB844005197BA /* Frameworks */ = {
			isa = PBXFrameworksBuildPhase;
			buildActionMask = 2147483647;
			files = (
				AD16C6B59D8197C6CAFAC618 /* libPods-AddClockViewDemo.a in Frameworks */,
			);
			runOnlyForDeploymentPostprocessing = 0;
		};
		EE96D4C121CCB84E005197BA /* Frameworks */ = {
			isa = PBXFrameworksBuildPhase;
			buildActionMask = 2147483647;
			files = (
			);
			runOnlyForDeploymentPostprocessing = 0;
		};
		EE96D4CC21CCB84F005197BA /* Frameworks */ = {
			isa = PBXFrameworksBuildPhase;
			buildActionMask = 2147483647;
			files = (
			);
			runOnlyForDeploymentPostprocessing = 0;
		};
/* End PBXFrameworksBuildPhase section */

/* Begin PBXGroup section */
		A25B61E061C830A0750FD592 /* Pods */ = {
			isa = PBXGroup;
			children = (
				D03794FA910C64BE8E13262D /* Pods-AddClockViewDemo.debug.xcconfig */,
				E11E12BFE4401EC4B6D497BA /* Pods-AddClockViewDemo.release.xcconfig */,
			);
			name = Pods;
			sourceTree = "<group>";
		};
		D38331966762E2C468C02E49 /* Frameworks */ = {
			isa = PBXGroup;
			children = (
				13D8C337FB8A01F2D2A74326 /* libPods-AddClockViewDemo.a */,
			);
			name = Frameworks;
			sourceTree = "<group>";
		};
		EE96D4A321CCB843005197BA = {
			isa = PBXGroup;
			children = (
				EE96D4AE21CCB844005197BA /* AddClockViewDemo */,
				EE96D4C721CCB84E005197BA /* AddClockViewDemoTests */,
				EE96D4D221CCB84F005197BA /* AddClockViewDemoUITests */,
				EE96D4AD21CCB844005197BA /* Products */,
				A25B61E061C830A0750FD592 /* Pods */,
				D38331966762E2C468C02E49 /* Frameworks */,
			);
			sourceTree = "<group>";
		};
		EE96D4AD21CCB844005197BA /* Products */ = {
			isa = PBXGroup;
			children = (
				EE96D4AC21CCB844005197BA /* AddClockViewDemo.app */,
				EE96D4C421CCB84E005197BA /* AddClockViewDemoTests.xctest */,
				EE96D4CF21CCB84F005197BA /* AddClockViewDemoUITests.xctest */,
			);
			name = Products;
			sourceTree = "<group>";
		};
		EE96D4AE21CCB844005197BA /* AddClockViewDemo */ = {
			isa = PBXGroup;
			children = (
				EE96D4E421CCC889005197BA /* Third */,
				EE96D4AF21CCB845005197BA /* AppDelegate.h */,
				EE96D4B021CCB845005197BA /* AppDelegate.m */,
				EE96D4B221CCB845005197BA /* ViewController.h */,
				EE96D4B321CCB845005197BA /* ViewController.m */,
				EE96D50E21CCCA2C005197BA /* BaseTableViewController.h */,
				EE96D50D21CCCA2B005197BA /* BaseTableViewController.m */,
				EE96D4E121CCBE03005197BA /* AddClockViewController.h */,
				EE96D4E221CCBE03005197BA /* AddClockViewController.m */,
				EE96D51321CCCD47005197BA /* RepeatViewController.h */,
				EE96D51421CCCD47005197BA /* RepeatViewController.m */,
				EE96D51121CCCB1B005197BA /* ClockViewModel.h */,
				EE96D51021CCCB1B005197BA /* ClockViewModel.m */,
				EE96D51621CCDCBC005197BA /* WeekDayCollectionViewCell.h */,
				EE96D51721CCDCBC005197BA /* WeekDayCollectionViewCell.m */,
				EE96D51921CCDE86005197BA /* Monday_Model.h */,
				EE96D51A21CCDE86005197BA /* Monday_Model.m */,
				EE96D4B521CCB845005197BA /* Main.storyboard */,
				EE96D4B821CCB846005197BA /* Assets.xcassets */,
				EE96D4BA21CCB846005197BA /* LaunchScreen.storyboard */,
				EE96D4BD21CCB846005197BA /* Info.plist */,
				EE96D4BE21CCB846005197BA /* main.m */,
			);
			path = AddClockViewDemo;
			sourceTree = "<group>";
		};
		EE96D4C721CCB84E005197BA /* AddClockViewDemoTests */ = {
			isa = PBXGroup;
			children = (
				EE96D4C821CCB84F005197BA /* AddClockViewDemoTests.m */,
				EE96D4CA21CCB84F005197BA /* Info.plist */,
			);
			path = AddClockViewDemoTests;
			sourceTree = "<group>";
		};
		EE96D4D221CCB84F005197BA /* AddClockViewDemoUITests */ = {
			isa = PBXGroup;
			children = (
				EE96D4D321CCB84F005197BA /* AddClockViewDemoUITests.m */,
				EE96D4D521CCB850005197BA /* Info.plist */,
			);
			path = AddClockViewDemoUITests;
			sourceTree = "<group>";
		};
		EE96D4E421CCC889005197BA /* Third */ = {
			isa = PBXGroup;
			children = (
				EE96D4E921CCC8B5005197BA /* Aspects */,
				EE96D4EC21CCC8B5005197BA /* IBProperty */,
				EE96D4E521CCC889005197BA /* UNNotificationsManager */,
			);
			path = Third;
			sourceTree = "<group>";
		};
		EE96D4E521CCC889005197BA /* UNNotificationsManager */ = {
			isa = PBXGroup;
			children = (
				EE96D4E621CCC889005197BA /* UNNotificationsManager.h */,
				EE96D4E721CCC889005197BA /* UNNotificationsManager.m */,
			);
			path = UNNotificationsManager;
			sourceTree = "<group>";
		};
		EE96D4E921CCC8B5005197BA /* Aspects */ = {
			isa = PBXGroup;
			children = (
				EE96D4EA21CCC8B5005197BA /* Aspects.h */,
				EE96D4EB21CCC8B5005197BA /* Aspects.m */,
			);
			path = Aspects;
			sourceTree = "<group>";
		};
		EE96D4EC21CCC8B5005197BA /* IBProperty */ = {
			isa = PBXGroup;
			children = (
				EE96D4ED21CCC8B5005197BA /* UIControl+ORIBProperty.m */,
				EE96D4EE21CCC8B5005197BA /* UITextField+ORIBProperty.h */,
				EE96D4EF21CCC8B5005197BA /* UICollectionViewFlowLayout+ORIBProperty.m */,
				EE96D4F021CCC8B5005197BA /* UILabel+ORIBProperty.h */,
				EE96D4F121CCC8B5005197BA /* UIView+ORIBProperty.h */,
				EE96D4F221CCC8B5005197BA /* UIButton+ORIBProperty.h */,
				EE96D4F321CCC8B5005197BA /* NSLayoutConstraint+ORIBProperty.h */,
				EE96D4F421CCC8B5005197BA /* UIImageView+ORIBProperty.h */,
				EE96D4F521CCC8B5005197BA /* UITextView+ORIBProperty.h */,
				EE96D4F621CCC8B5005197BA /* NSObject+ORIBProperty.h */,
				EE96D4F721CCC8B5005197BA /* UILabel+ORIBProperty.m */,
				EE96D4F821CCC8B5005197BA /* UICollectionViewFlowLayout+ORIBProperty.h */,
				EE96D4F921CCC8B5005197BA /* ORIBProperty.h */,
				EE96D4FA21CCC8B5005197BA /* UITextField+ORIBProperty.m */,
				EE96D4FB21CCC8B5005197BA /* UIControl+ORIBProperty.h */,
				EE96D4FC21CCC8B5005197BA /* UIView+ORIBProperty.m */,
				EE96D4FD21CCC8B5005197BA /* UIImageView+ORIBProperty.m */,
				EE96D4FE21CCC8B5005197BA /* NSLayoutConstraint+ORIBProperty.m */,
				EE96D4FF21CCC8B5005197BA /* UIButton+ORIBProperty.m */,
				EE96D50021CCC8B5005197BA /* NSObject+ORIBProperty.m */,
				EE96D50121CCC8B5005197BA /* UITextView+ORIBProperty.m */,
			);
			path = IBProperty;
			sourceTree = "<group>";
		};
/* End PBXGroup section */

/* Begin PBXNativeTarget section */
		EE96D4AB21CCB844005197BA /* AddClockViewDemo */ = {
			isa = PBXNativeTarget;
			buildConfigurationList = EE96D4D821CCB850005197BA /* Build configuration list for PBXNativeTarget "AddClockViewDemo" */;
			buildPhases = (
				EEFF812D38303A86D83A0689 /* [CP] Check Pods Manifest.lock */,
				EE96D4A821CCB844005197BA /* Sources */,
				EE96D4A921CCB844005197BA /* Frameworks */,
				EE96D4AA21CCB844005197BA /* Resources */,
				B7147E461AF6AF4B2CE9522C /* [CP] Embed Pods Frameworks */,
				FB3BAED977C8B53C78190A0D /* [CP] Copy Pods Resources */,
			);
			buildRules = (
			);
			dependencies = (
			);
			name = AddClockViewDemo;
			productName = AddClockViewDemo;
			productReference = EE96D4AC21CCB844005197BA /* AddClockViewDemo.app */;
			productType = "com.apple.product-type.application";
		};
		EE96D4C321CCB84E005197BA /* AddClockViewDemoTests */ = {
			isa = PBXNativeTarget;
			buildConfigurationList = EE96D4DB21CCB850005197BA /* Build configuration list for PBXNativeTarget "AddClockViewDemoTests" */;
			buildPhases = (
				EE96D4C021CCB84E005197BA /* Sources */,
				EE96D4C121CCB84E005197BA /* Frameworks */,
				EE96D4C221CCB84E005197BA /* Resources */,
			);
			buildRules = (
			);
			dependencies = (
				EE96D4C621CCB84E005197BA /* PBXTargetDependency */,
			);
			name = AddClockViewDemoTests;
			productName = AddClockViewDemoTests;
			productReference = EE96D4C421CCB84E005197BA /* AddClockViewDemoTests.xctest */;
			productType = "com.apple.product-type.bundle.unit-test";
		};
		EE96D4CE21CCB84F005197BA /* AddClockViewDemoUITests */ = {
			isa = PBXNativeTarget;
			buildConfigurationList = EE96D4DE21CCB850005197BA /* Build configuration list for PBXNativeTarget "AddClockViewDemoUITests" */;
			buildPhases = (
				EE96D4CB21CCB84F005197BA /* Sources */,
				EE96D4CC21CCB84F005197BA /* Frameworks */,
				EE96D4CD21CCB84F005197BA /* Resources */,
			);
			buildRules = (
			);
			dependencies = (
				EE96D4D121CCB84F005197BA /* PBXTargetDependency */,
			);
			name = AddClockViewDemoUITests;
			productName = AddClockViewDemoUITests;
			productReference = EE96D4CF21CCB84F005197BA /* AddClockViewDemoUITests.xctest */;
			productType = "com.apple.product-type.bundle.ui-testing";
		};
/* End PBXNativeTarget section */

/* Begin PBXProject section */
		EE96D4A421CCB843005197BA /* Project object */ = {
			isa = PBXProject;
			attributes = {
				LastUpgradeCheck = 0910;
				ORGANIZATIONNAME = hoyifo;
				TargetAttributes = {
					EE96D4AB21CCB844005197BA = {
						CreatedOnToolsVersion = 9.1;
						ProvisioningStyle = Automatic;
					};
					EE96D4C321CCB84E005197BA = {
						CreatedOnToolsVersion = 9.1;
						ProvisioningStyle = Automatic;
						TestTargetID = EE96D4AB21CCB844005197BA;
					};
					EE96D4CE21CCB84F005197BA = {
						CreatedOnToolsVersion = 9.1;
						ProvisioningStyle = Automatic;
						TestTargetID = EE96D4AB21CCB844005197BA;
					};
				};
			};
			buildConfigurationList = EE96D4A721CCB843005197BA /* Build configuration list for PBXProject "AddClockViewDemo" */;
			compatibilityVersion = "Xcode 8.0";
			developmentRegion = en;
			hasScannedForEncodings = 0;
			knownRegions = (
				en,
				Base,
			);
			mainGroup = EE96D4A321CCB843005197BA;
			productRefGroup = EE96D4AD21CCB844005197BA /* Products */;
			projectDirPath = "";
			projectRoot = "";
			targets = (
				EE96D4AB21CCB844005197BA /* AddClockViewDemo */,
				EE96D4C321CCB84E005197BA /* AddClockViewDemoTests */,
				EE96D4CE21CCB84F005197BA /* AddClockViewDemoUITests */,
			);
		};
/* End PBXProject section */

/* Begin PBXResourcesBuildPhase section */
		EE96D4AA21CCB844005197BA /* Resources */ = {
			isa = PBXResourcesBuildPhase;
			buildActionMask = 2147483647;
			files = (
				EE96D4BC21CCB846005197BA /* LaunchScreen.storyboard in Resources */,
				EE96D4B921CCB846005197BA /* Assets.xcassets in Resources */,
				EE96D4B721CCB845005197BA /* Main.storyboard in Resources */,
			);
			runOnlyForDeploymentPostprocessing = 0;
		};
		EE96D4C221CCB84E005197BA /* Resources */ = {
			isa = PBXResourcesBuildPhase;
			buildActionMask = 2147483647;
			files = (
			);
			runOnlyForDeploymentPostprocessing = 0;
		};
		EE96D4CD21CCB84F005197BA /* Resources */ = {
			isa = PBXResourcesBuildPhase;
			buildActionMask = 2147483647;
			files = (
			);
			runOnlyForDeploymentPostprocessing = 0;
		};
/* End PBXResourcesBuildPhase section */

/* Begin PBXShellScriptBuildPhase section */
		B7147E461AF6AF4B2CE9522C /* [CP] Embed Pods Frameworks */ = {
			isa = PBXShellScriptBuildPhase;
			buildActionMask = 2147483647;
			files = (
			);
			inputPaths = (
			);
			name = "[CP] Embed Pods Frameworks";
			outputPaths = (
			);
			runOnlyForDeploymentPostprocessing = 0;
			shellPath = /bin/sh;
			shellScript = "\"${SRCROOT}/Pods/Target Support Files/Pods-AddClockViewDemo/Pods-AddClockViewDemo-frameworks.sh\"\n";
			showEnvVarsInLog = 0;
		};
		EEFF812D38303A86D83A0689 /* [CP] Check Pods Manifest.lock */ = {
			isa = PBXShellScriptBuildPhase;
			buildActionMask = 2147483647;
			files = (
			);
			inputPaths = (
				"${PODS_PODFILE_DIR_PATH}/Podfile.lock",
				"${PODS_ROOT}/Manifest.lock",
			);
			name = "[CP] Check Pods Manifest.lock";
			outputPaths = (
				"$(DERIVED_FILE_DIR)/Pods-AddClockViewDemo-checkManifestLockResult.txt",
			);
			runOnlyForDeploymentPostprocessing = 0;
			shellPath = /bin/sh;
			shellScript = "diff \"${PODS_PODFILE_DIR_PATH}/Podfile.lock\" \"${PODS_ROOT}/Manifest.lock\" > /dev/null\nif [ $? != 0 ] ; then\n    # print error to STDERR\n    echo \"error: The sandbox is not in sync with the Podfile.lock. Run 'pod install' or update your CocoaPods installation.\" >&2\n    exit 1\nfi\n# This output is used by Xcode 'outputs' to avoid re-running this script phase.\necho \"SUCCESS\" > \"${SCRIPT_OUTPUT_FILE_0}\"\n";
			showEnvVarsInLog = 0;
		};
		FB3BAED977C8B53C78190A0D /* [CP] Copy Pods Resources */ = {
			isa = PBXShellScriptBuildPhase;
			buildActionMask = 2147483647;
			files = (
			);
			inputPaths = (
			);
			name = "[CP] Copy Pods Resources";
			outputPaths = (
			);
			runOnlyForDeploymentPostprocessing = 0;
			shellPath = /bin/sh;
			shellScript = "\"${SRCROOT}/Pods/Target Support Files/Pods-AddClockViewDemo/Pods-AddClockViewDemo-resources.sh\"\n";
			showEnvVarsInLog = 0;
		};
/* End PBXShellScriptBuildPhase section */

/* Begin PBXSourcesBuildPhase section */
		EE96D4A821CCB844005197BA /* Sources */ = {
			isa = PBXSourcesBuildPhase;
			buildActionMask = 2147483647;
			files = (
				EE96D4B421CCB845005197BA /* ViewController.m in Sources */,
				EE96D50821CCC8B5005197BA /* UIImageView+ORIBProperty.m in Sources */,
				EE96D50521CCC8B5005197BA /* UILabel+ORIBProperty.m in Sources */,
				EE96D50921CCC8B5005197BA /* NSLayoutConstraint+ORIBProperty.m in Sources */,
				EE96D4BF21CCB846005197BA /* main.m in Sources */,
				EE96D51221CCCB1B005197BA /* ClockViewModel.m in Sources */,
				EE96D4B121CCB845005197BA /* AppDelegate.m in Sources */,
				EE96D50B21CCC8B5005197BA /* NSObject+ORIBProperty.m in Sources */,
				EE96D50421CCC8B5005197BA /* UICollectionViewFlowLayout+ORIBProperty.m in Sources */,
				EE96D50321CCC8B5005197BA /* UIControl+ORIBProperty.m in Sources */,
				EE96D51B21CCDE86005197BA /* Monday_Model.m in Sources */,
				EE96D50721CCC8B5005197BA /* UIView+ORIBProperty.m in Sources */,
				EE96D50F21CCCA2C005197BA /* BaseTableViewController.m in Sources */,
				EE96D4E821CCC889005197BA /* UNNotificationsManager.m in Sources */,
				EE96D4E321CCBE03005197BA /* AddClockViewController.m in Sources */,
				EE96D50621CCC8B5005197BA /* UITextField+ORIBProperty.m in Sources */,
				EE96D50A21CCC8B5005197BA /* UIButton+ORIBProperty.m in Sources */,
				EE96D51521CCCD47005197BA /* RepeatViewController.m in Sources */,
				EE96D50C21CCC8B5005197BA /* UITextView+ORIBProperty.m in Sources */,
				EE96D50221CCC8B5005197BA /* Aspects.m in Sources */,
				EE96D51821CCDCBC005197BA /* WeekDayCollectionViewCell.m in Sources */,
			);
			runOnlyForDeploymentPostprocessing = 0;
		};
		EE96D4C021CCB84E005197BA /* Sources */ = {
			isa = PBXSourcesBuildPhase;
			buildActionMask = 2147483647;
			files = (
				EE96D4C921CCB84F005197BA /* AddClockViewDemoTests.m in Sources */,
			);
			runOnlyForDeploymentPostprocessing = 0;
		};
		EE96D4CB21CCB84F005197BA /* Sources */ = {
			isa = PBXSourcesBuildPhase;
			buildActionMask = 2147483647;
			files = (
				EE96D4D421CCB84F005197BA /* AddClockViewDemoUITests.m in Sources */,
			);
			runOnlyForDeploymentPostprocessing = 0;
		};
/* End PBXSourcesBuildPhase section */

/* Begin PBXTargetDependency section */
		EE96D4C621CCB84E005197BA /* PBXTargetDependency */ = {
			isa = PBXTargetDependency;
			target = EE96D4AB21CCB844005197BA /* AddClockViewDemo */;
			targetProxy = EE96D4C521CCB84E005197BA /* PBXContainerItemProxy */;
		};
		EE96D4D121CCB84F005197BA /* PBXTargetDependency */ = {
			isa = PBXTargetDependency;
			target = EE96D4AB21CCB844005197BA /* AddClockViewDemo */;
			targetProxy = EE96D4D021CCB84F005197BA /* PBXContainerItemProxy */;
		};
/* End PBXTargetDependency section */

/* Begin PBXVariantGroup section */
		EE96D4B521CCB845005197BA /* Main.storyboard */ = {
			isa = PBXVariantGroup;
			children = (
				EE96D4B621CCB845005197BA /* Base */,
			);
			name = Main.storyboard;
			sourceTree = "<group>";
		};
		EE96D4BA21CCB846005197BA /* LaunchScreen.storyboard */ = {
			isa = PBXVariantGroup;
			children = (
				EE96D4BB21CCB846005197BA /* Base */,
			);
			name = LaunchScreen.storyboard;
			sourceTree = "<group>";
		};
/* End PBXVariantGroup section */

/* Begin XCBuildConfiguration section */
		EE96D4D621CCB850005197BA /* Debug */ = {
			isa = XCBuildConfiguration;
			buildSettings = {
				ALWAYS_SEARCH_USER_PATHS = NO;
				CLANG_ANALYZER_NONNULL = YES;
				CLANG_ANALYZER_NUMBER_OBJECT_CONVERSION = YES_AGGRESSIVE;
				CLANG_CXX_LANGUAGE_STANDARD = "gnu++14";
				CLANG_CXX_LIBRARY = "libc++";
				CLANG_ENABLE_MODULES = YES;
				CLANG_ENABLE_OBJC_ARC = YES;
				CLANG_WARN_BLOCK_CAPTURE_AUTORELEASING = YES;
				CLANG_WARN_BOOL_CONVERSION = YES;
				CLANG_WARN_COMMA = YES;
				CLANG_WARN_CONSTANT_CONVERSION = YES;
				CLANG_WARN_DIRECT_OBJC_ISA_USAGE = YES_ERROR;
				CLANG_WARN_DOCUMENTATION_COMMENTS = YES;
				CLANG_WARN_EMPTY_BODY = YES;
				CLANG_WARN_ENUM_CONVERSION = YES;
				CLANG_WARN_INFINITE_RECURSION = YES;
				CLANG_WARN_INT_CONVERSION = YES;
				CLANG_WARN_NON_LITERAL_NULL_CONVERSION = YES;
				CLANG_WARN_OBJC_LITERAL_CONVERSION = YES;
				CLANG_WARN_OBJC_ROOT_CLASS = YES_ERROR;
				CLANG_WARN_RANGE_LOOP_ANALYSIS = YES;
				CLANG_WARN_STRICT_PROTOTYPES = YES;
				CLANG_WARN_SUSPICIOUS_MOVE = YES;
				CLANG_WARN_UNGUARDED_AVAILABILITY = YES_AGGRESSIVE;
				CLANG_WARN_UNREACHABLE_CODE = YES;
				CLANG_WARN__DUPLICATE_METHOD_MATCH = YES;
				CODE_SIGN_IDENTITY = "iPhone Developer";
				COPY_PHASE_STRIP = NO;
				DEBUG_INFORMATION_FORMAT = dwarf;
				ENABLE_STRICT_OBJC_MSGSEND = YES;
				ENABLE_TESTABILITY = YES;
				GCC_C_LANGUAGE_STANDARD = gnu11;
				GCC_DYNAMIC_NO_PIC = NO;
				GCC_NO_COMMON_BLOCKS = YES;
				GCC_OPTIMIZATION_LEVEL = 0;
				GCC_PREPROCESSOR_DEFINITIONS = (
					"DEBUG=1",
					"$(inherited)",
				);
				GCC_WARN_64_TO_32_BIT_CONVERSION = YES;
				GCC_WARN_ABOUT_RETURN_TYPE = YES_ERROR;
				GCC_WARN_UNDECLARED_SELECTOR = YES;
				GCC_WARN_UNINITIALIZED_AUTOS = YES_AGGRESSIVE;
				GCC_WARN_UNUSED_FUNCTION = YES;
				GCC_WARN_UNUSED_VARIABLE = YES;
				IPHONEOS_DEPLOYMENT_TARGET = 11.1;
				MTL_ENABLE_DEBUG_INFO = YES;
				ONLY_ACTIVE_ARCH = YES;
				SDKROOT = iphoneos;
			};
			name = Debug;
		};
		EE96D4D721CCB850005197BA /* Release */ = {
			isa = XCBuildConfiguration;
			buildSettings = {
				ALWAYS_SEARCH_USER_PATHS = NO;
				CLANG_ANALYZER_NONNULL = YES;
				CLANG_ANALYZER_NUMBER_OBJECT_CONVERSION = YES_AGGRESSIVE;
				CLANG_CXX_LANGUAGE_STANDARD = "gnu++14";
				CLANG_CXX_LIBRARY = "libc++";
				CLANG_ENABLE_MODULES = YES;
				CLANG_ENABLE_OBJC_ARC = YES;
				CLANG_WARN_BLOCK_CAPTURE_AUTORELEASING = YES;
				CLANG_WARN_BOOL_CONVERSION = YES;
				CLANG_WARN_COMMA = YES;
				CLANG_WARN_CONSTANT_CONVERSION = YES;
				CLANG_WARN_DIRECT_OBJC_ISA_USAGE = YES_ERROR;
				CLANG_WARN_DOCUMENTATION_COMMENTS = YES;
				CLANG_WARN_EMPTY_BODY = YES;
				CLANG_WARN_ENUM_CONVERSION = YES;
				CLANG_WARN_INFINITE_RECURSION = YES;
				CLANG_WARN_INT_CONVERSION = YES;
				CLANG_WARN_NON_LITERAL_NULL_CONVERSION = YES;
				CLANG_WARN_OBJC_LITERAL_CONVERSION = YES;
				CLANG_WARN_OBJC_ROOT_CLASS = YES_ERROR;
				CLANG_WARN_RANGE_LOOP_ANALYSIS = YES;
				CLANG_WARN_STRICT_PROTOTYPES = YES;
				CLANG_WARN_SUSPICIOUS_MOVE = YES;
				CLANG_WARN_UNGUARDED_AVAILABILITY = YES_AGGRESSIVE;
				CLANG_WARN_UNREACHABLE_CODE = YES;
				CLANG_WARN__DUPLICATE_METHOD_MATCH = YES;
				CODE_SIGN_IDENTITY = "iPhone Developer";
				COPY_PHASE_STRIP = NO;
				DEBUG_INFORMATION_FORMAT = "dwarf-with-dsym";
				ENABLE_NS_ASSERTIONS = NO;
				ENABLE_STRICT_OBJC_MSGSEND = YES;
				GCC_C_LANGUAGE_STANDARD = gnu11;
				GCC_NO_COMMON_BLOCKS = YES;
				GCC_WARN_64_TO_32_BIT_CONVERSION = YES;
				GCC_WARN_ABOUT_RETURN_TYPE = YES_ERROR;
				GCC_WARN_UNDECLARED_SELECTOR = YES;
				GCC_WARN_UNINITIALIZED_AUTOS = YES_AGGRESSIVE;
				GCC_WARN_UNUSED_FUNCTION = YES;
				GCC_WARN_UNUSED_VARIABLE = YES;
				IPHONEOS_DEPLOYMENT_TARGET = 11.1;
				MTL_ENABLE_DEBUG_INFO = NO;
				SDKROOT = iphoneos;
				VALIDATE_PRODUCT = YES;
			};
			name = Release;
		};
		EE96D4D921CCB850005197BA /* Debug */ = {
			isa = XCBuildConfiguration;
			baseConfigurationReference = D03794FA910C64BE8E13262D /* Pods-AddClockViewDemo.debug.xcconfig */;
			buildSettings = {
				ASSETCATALOG_COMPILER_APPICON_NAME = AppIcon;
				CODE_SIGN_STYLE = Automatic;
				DEVELOPMENT_TEAM = 382WKDN444;
				INFOPLIST_FILE = AddClockViewDemo/Info.plist;
				LD_RUNPATH_SEARCH_PATHS = "$(inherited) @executable_path/Frameworks";
				PRODUCT_BUNDLE_IDENTIFIER = yjt.AddClockViewDemo;
				PRODUCT_NAME = "$(TARGET_NAME)";
				TARGETED_DEVICE_FAMILY = "1,2";
			};
			name = Debug;
		};
		EE96D4DA21CCB850005197BA /* Release */ = {
			isa = XCBuildConfiguration;
			baseConfigurationReference = E11E12BFE4401EC4B6D497BA /* Pods-AddClockViewDemo.release.xcconfig */;
			buildSettings = {
				ASSETCATALOG_COMPILER_APPICON_NAME = AppIcon;
				CODE_SIGN_STYLE = Automatic;
				DEVELOPMENT_TEAM = 382WKDN444;
				INFOPLIST_FILE = AddClockViewDemo/Info.plist;
				LD_RUNPATH_SEARCH_PATHS = "$(inherited) @executable_path/Frameworks";
				PRODUCT_BUNDLE_IDENTIFIER = yjt.AddClockViewDemo;
				PRODUCT_NAME = "$(TARGET_NAME)";
				TARGETED_DEVICE_FAMILY = "1,2";
			};
			name = Release;
		};
		EE96D4DC21CCB850005197BA /* Debug */ = {
			isa = XCBuildConfiguration;
			buildSettings = {
				BUNDLE_LOADER = "$(TEST_HOST)";
				CODE_SIGN_STYLE = Automatic;
				DEVELOPMENT_TEAM = 382WKDN444;
				INFOPLIST_FILE = AddClockViewDemoTests/Info.plist;
				LD_RUNPATH_SEARCH_PATHS = "$(inherited) @executable_path/Frameworks @loader_path/Frameworks";
				PRODUCT_BUNDLE_IDENTIFIER = yjt.AddClockViewDemoTests;
				PRODUCT_NAME = "$(TARGET_NAME)";
				TARGETED_DEVICE_FAMILY = "1,2";
				TEST_HOST = "$(BUILT_PRODUCTS_DIR)/AddClockViewDemo.app/AddClockViewDemo";
			};
			name = Debug;
		};
		EE96D4DD21CCB850005197BA /* Release */ = {
			isa = XCBuildConfiguration;
			buildSettings = {
				BUNDLE_LOADER = "$(TEST_HOST)";
				CODE_SIGN_STYLE = Automatic;
				DEVELOPMENT_TEAM = 382WKDN444;
				INFOPLIST_FILE = AddClockViewDemoTests/Info.plist;
				LD_RUNPATH_SEARCH_PATHS = "$(inherited) @executable_path/Frameworks @loader_path/Frameworks";
				PRODUCT_BUNDLE_IDENTIFIER = yjt.AddClockViewDemoTests;
				PRODUCT_NAME = "$(TARGET_NAME)";
				TARGETED_DEVICE_FAMILY = "1,2";
				TEST_HOST = "$(BUILT_PRODUCTS_DIR)/AddClockViewDemo.app/AddClockViewDemo";
			};
			name = Release;
		};
		EE96D4DF21CCB850005197BA /* Debug */ = {
			isa = XCBuildConfiguration;
			buildSettings = {
				CODE_SIGN_STYLE = Automatic;
				DEVELOPMENT_TEAM = 382WKDN444;
				INFOPLIST_FILE = AddClockViewDemoUITests/Info.plist;
				LD_RUNPATH_SEARCH_PATHS = "$(inherited) @executable_path/Frameworks @loader_path/Frameworks";
				PRODUCT_BUNDLE_IDENTIFIER = yjt.AddClockViewDemoUITests;
				PRODUCT_NAME = "$(TARGET_NAME)";
				TARGETED_DEVICE_FAMILY = "1,2";
				TEST_TARGET_NAME = AddClockViewDemo;
			};
			name = Debug;
		};
		EE96D4E021CCB850005197BA /* Release */ = {
			isa = XCBuildConfiguration;
			buildSettings = {
				CODE_SIGN_STYLE = Automatic;
				DEVELOPMENT_TEAM = 382WKDN444;
				INFOPLIST_FILE = AddClockViewDemoUITests/Info.plist;
				LD_RUNPATH_SEARCH_PATHS = "$(inherited) @executable_path/Frameworks @loader_path/Frameworks";
				PRODUCT_BUNDLE_IDENTIFIER = yjt.AddClockViewDemoUITests;
				PRODUCT_NAME = "$(TARGET_NAME)";
				TARGETED_DEVICE_FAMILY = "1,2";
				TEST_TARGET_NAME = AddClockViewDemo;
			};
			name = Release;
		};
/* End XCBuildConfiguration section */

/* Begin XCConfigurationList section */
		EE96D4A721CCB843005197BA /* Build configuration list for PBXProject "AddClockViewDemo" */ = {
			isa = XCConfigurationList;
			buildConfigurations = (
				EE96D4D621CCB850005197BA /* Debug */,
				EE96D4D721CCB850005197BA /* Release */,
			);
			defaultConfigurationIsVisible = 0;
			defaultConfigurationName = Release;
		};
		EE96D4D821CCB850005197BA /* Build configuration list for PBXNativeTarget "AddClockViewDemo" */ = {
			isa = XCConfigurationList;
			buildConfigurations = (
				EE96D4D921CCB850005197BA /* Debug */,
				EE96D4DA21CCB850005197BA /* Release */,
			);
			defaultConfigurationIsVisible = 0;
			defaultConfigurationName = Release;
		};
		EE96D4DB21CCB850005197BA /* Build configuration list for PBXNativeTarget "AddClockViewDemoTests" */ = {
			isa = XCConfigurationList;
			buildConfigurations = (
				EE96D4DC21CCB850005197BA /* Debug */,
				EE96D4DD21CCB850005197BA /* Release */,
			);
			defaultConfigurationIsVisible = 0;
			defaultConfigurationName = Release;
		};
		EE96D4DE21CCB850005197BA /* Build configuration list for PBXNativeTarget "AddClockViewDemoUITests" */ = {
			isa = XCConfigurationList;
			buildConfigurations = (
				EE96D4DF21CCB850005197BA /* Debug */,
				EE96D4E021CCB850005197BA /* Release */,
			);
			defaultConfigurationIsVisible = 0;
			defaultConfigurationName = Release;
		};
/* End XCConfigurationList section */
	};
	rootObject = EE96D4A421CCB843005197BA /* Project object */;
}
